
Microsoft Visual Studio Solution File, Format Version 12.00
# Visual Studio 15
VisualStudioVersion = 15.0.28010.2019
MinimumVisualStudioVersion = 10.0.40219.1
Project("{FAE04EC0-301F-11D3-BF4B-00C04F79EFBC}") = "landispro2landis2", "landispro2landis2\landispro2landis2.csproj", "{27EF98AE-854F-486F-B35E-E8262078B7B1}"
EndProject
Project("{FAE04EC0-301F-11D3-BF4B-00C04F79EFBC}") = "LANDIS-II Debug Console", "Debug_Console_rc3\LANDIS-II Debug Console.csproj", "{742214C0-CBC9-4E06-8205-297A3EAE61B8}"
EndProject
Global
	GlobalSection(SolutionConfigurationPlatforms) = preSolution
		Debug|Any CPU = Debug|Any CPU
		Debug|x64 = Debug|x64
		Release|Any CPU = Release|Any CPU
		Release|x64 = Release|x64
	EndGlobalSection
	GlobalSection(ProjectConfigurationPlatforms) = postSolution
		{27EF98AE-854F-486F-B35E-E8262078B7B1}.Debug|Any CPU.ActiveCfg = Debug|Any CPU
		{27EF98AE-854F-486F-B35E-E8262078B7B1}.Debug|Any CPU.Build.0 = Debug|Any CPU
		{27EF98AE-854F-486F-B35E-E8262078B7B1}.Debug|x64.ActiveCfg = Debug|Any CPU
		{27EF98AE-854F-486F-B35E-E8262078B7B1}.Debug|x64.Build.0 = Debug|Any CPU
		{27EF98AE-854F-486F-B35E-E8262078B7B1}.Release|Any CPU.ActiveCfg = Release|Any CPU
		{27EF98AE-854F-486F-B35E-E8262078B7B1}.Release|Any CPU.Build.0 = Release|Any CPU
		{27EF98AE-854F-486F-B35E-E8262078B7B1}.Release|x64.ActiveCfg = Release|Any CPU
		{27EF98AE-854F-486F-B35E-E8262078B7B1}.Release|x64.Build.0 = Release|Any CPU
		{742214C0-CBC9-4E06-8205-297A3EAE61B8}.Debug|Any CPU.ActiveCfg = Debug|Any CPU
		{742214C0-CBC9-4E06-8205-297A3EAE61B8}.Debug|Any CPU.Build.0 = Debug|Any CPU
		{742214C0-CBC9-4E06-8205-297A3EAE61B8}.Debug|x64.ActiveCfg = Debug|Any CPU
		{742214C0-CBC9-4E06-8205-297A3EAE61B8}.Debug|x64.Build.0 = Debug|Any CPU
		{742214C0-CBC9-4E06-8205-297A3EAE61B8}.Release|Any CPU.ActiveCfg = Release|Any CPU
		{742214C0-CBC9-4E06-8205-297A3EAE61B8}.Release|Any CPU.Build.0 = Release|Any CPU
		{742214C0-CBC9-4E06-8205-297A3EAE61B8}.Release|x64.ActiveCfg = Release|x64
		{742214C0-CBC9-4E06-8205-297A3EAE61B8}.Release|x64.Build.0 = Release|x64
	EndGlobalSection
	GlobalSection(SolutionProperties) = preSolution
		HideSolutionNode = FALSE
	EndGlobalSection
	GlobalSection(ExtensibilityGlobals) = postSolution
		SolutionGuid = {DF283FFD-A9A5-4A1D-B4D1-3EB889E5057A}
	EndGlobalSection
EndGlobal
